
Microsoft Visual Studio Solution File, Format Version 12.00
# Visual Studio 15
VisualStudioVersion = 15.0.27705.0
MinimumVisualStudioVersion = 10.0.40219.1
Project("{FAE04EC0-301F-11D3-BF4B-00C04F79EFBC}") = "RazorPagesMultipleRootDirectory", "RazorPagesMultipleRootDirectory\RazorPagesMultipleRootDirectory.csproj", "{B3D47232-C0DE-4907-9C3F-F4A8668C43F5}"
EndProject
Global
	GlobalSection(SolutionConfigurationPlatforms) = preSolution
		Debug|Any CPU = Debug|Any CPU
		Release|Any CPU = Release|Any CPU
	EndGlobalSection
	GlobalSection(ProjectConfigurationPlatforms) = postSolution
		{B3D47232-C0DE-4907-9C3F-F4A8668C43F5}.Debug|Any CPU.ActiveCfg = Debug|Any CPU
		{B3D47232-C0DE-4907-9C3F-F4A8668C43F5}.Debug|Any CPU.Build.0 = Debug|Any CPU
		{B3D47232-C0DE-4907-9C3F-F4A8668C43F5}.Release|Any CPU.ActiveCfg = Release|Any CPU
		{B3D47232-C0DE-4907-9C3F-F4A8668C43F5}.Release|Any CPU.Build.0 = Release|Any CPU
	EndGlobalSection
	GlobalSection(SolutionProperties) = preSolution
		HideSolutionNode = FALSE
	EndGlobalSection
	GlobalSection(ExtensibilityGlobals) = postSolution
		SolutionGuid = {A19F1276-27BC-4F38-80E6-25AC09235201}
	EndGlobalSection
EndGlobal
